// !$*UTF8*$!
{
	archiveVersion = 1;
	classes = {
	};
	objectVersion = 77;
	objects = {

/* Begin PBXBuildFile section */
		9EB3665C2CC5A5F700F21C0B /* FirebaseAnalytics in Frameworks */ = {isa = PBXBuildFile; productRef = 9EB3665B2CC5A5F700F21C0B /* FirebaseAnalytics */; };
		9EB3665F2CC5B2F500F21C0B /* FirebaseAuth in Frameworks */ = {isa = PBXBuildFile; productRef = 9EB3665E2CC5B2F500F21C0B /* FirebaseAuth */; };
		9EB366612CC5B2F500F21C0B /* FirebaseFirestore in Frameworks */ = {isa = PBXBuildFile; productRef = 9EB366602CC5B2F500F21C0B /* FirebaseFirestore */; };
		9EB366632CC5B30E00F21C0B /* FirebaseStorage in Frameworks */ = {isa = PBXBuildFile; productRef = 9EB366622CC5B30E00F21C0B /* FirebaseStorage */; };
/* End PBXBuildFile section */

/* Begin PBXContainerItemProxy section */
		9EBBE6E12CBC1CFD00FB176E /* PBXContainerItemProxy */ = {
			isa = PBXContainerItemProxy;
			containerPortal = 9EBBE6C82CBC1CF800FB176E /* Project object */;
			proxyType = 1;
			remoteGlobalIDString = 9EBBE6CF2CBC1CF800FB176E;
			remoteInfo = Travel;
		};
		9EBBE6EB2CBC1CFD00FB176E /* PBXContainerItemProxy */ = {
			isa = PBXContainerItemProxy;
			containerPortal = 9EBBE6C82CBC1CF800FB176E /* Project object */;
			proxyType = 1;
			remoteGlobalIDString = 9EBBE6CF2CBC1CF800FB176E;
			remoteInfo = Travel;
		};
/* End PBXContainerItemProxy section */

/* Begin PBXFileReference section */
		9EBBE6D02CBC1CF800FB176E /* Travel.app */ = {isa = PBXFileReference; explicitFileType = wrapper.application; includeInIndex = 0; path = Travel.app; sourceTree = BUILT_PRODUCTS_DIR; };
		9EBBE6E02CBC1CFD00FB176E /* TravelTests.xctest */ = {isa = PBXFileReference; explicitFileType = wrapper.cfbundle; includeInIndex = 0; path = TravelTests.xctest; sourceTree = BUILT_PRODUCTS_DIR; };
		9EBBE6EA2CBC1CFD00FB176E /* TravelUITests.xctest */ = {isa = PBXFileReference; explicitFileType = wrapper.cfbundle; includeInIndex = 0; path = TravelUITests.xctest; sourceTree = BUILT_PRODUCTS_DIR; };
/* End PBXFileReference section */

/* Begin PBXFileSystemSynchronizedBuildFileExceptionSet section */
		9E2AAB992CBDE88D00E98935 /* Exceptions for "Travel" folder in "TravelTests" target */ = {
			isa = PBXFileSystemSynchronizedBuildFileExceptionSet;
			membershipExceptions = (
				iAWriterDuoV.ttf,
			);
			target = 9EBBE6DF2CBC1CFD00FB176E /* TravelTests */;
		};
		9E2AAB9A2CBDE88D00E98935 /* Exceptions for "Travel" folder in "TravelUITests" target */ = {
			isa = PBXFileSystemSynchronizedBuildFileExceptionSet;
			membershipExceptions = (
				iAWriterDuoV.ttf,
			);
			target = 9EBBE6E92CBC1CFD00FB176E /* TravelUITests */;
		};
		9E2AAB9C2CBDECCB00E98935 /* Exceptions for "Travel" folder in "Travel" target */ = {
			isa = PBXFileSystemSynchronizedBuildFileExceptionSet;
			membershipExceptions = (
				Info.plist,
			);
			target = 9EBBE6CF2CBC1CF800FB176E /* Travel */;
		};
/* End PBXFileSystemSynchronizedBuildFileExceptionSet section */

/* Begin PBXFileSystemSynchronizedRootGroup section */
		9EBBE6D22CBC1CF800FB176E /* Travel */ = {
			isa = PBXFileSystemSynchronizedRootGroup;
			exceptions = (
				9E2AAB9C2CBDECCB00E98935 /* Exceptions for "Travel" folder in "Travel" target */,
				9E2AAB992CBDE88D00E98935 /* Exceptions for "Travel" folder in "TravelTests" target */,
				9E2AAB9A2CBDE88D00E98935 /* Exceptions for "Travel" folder in "TravelUITests" target */,
			);
			path = Travel;
			sourceTree = "<group>";
		};
		9EBBE6E32CBC1CFD00FB176E /* TravelTests */ = {
			isa = PBXFileSystemSynchronizedRootGroup;
			path = TravelTests;
			sourceTree = "<group>";
		};
		9EBBE6ED2CBC1CFD00FB176E /* TravelUITests */ = {
			isa = PBXFileSystemSynchronizedRootGroup;
			path = TravelUITests;
			sourceTree = "<group>";
		};
/* End PBXFileSystemSynchronizedRootGroup section */

/* Begin PBXFrameworksBuildPhase section */
		9EBBE6CD2CBC1CF800FB176E /* Frameworks */ = {
			isa = PBXFrameworksBuildPhase;
			buildActionMask = 2147483647;
			files = (
				9EB3665C2CC5A5F700F21C0B /* FirebaseAnalytics in Frameworks */,
				9EB366632CC5B30E00F21C0B /* FirebaseStorage in Frameworks */,
				9EB3665F2CC5B2F500F21C0B /* FirebaseAuth in Frameworks */,
				9EB366612CC5B2F500F21C0B /* FirebaseFirestore in Frameworks */,
			);
			runOnlyForDeploymentPostprocessing = 0;
		};
		9EBBE6DD2CBC1CFD00FB176E /* Frameworks */ = {
			isa = PBXFrameworksBuildPhase;
			buildActionMask = 2147483647;
			files = (
			);
			runOnlyForDeploymentPostprocessing = 0;
		};
		9EBBE6E72CBC1CFD00FB176E /* Frameworks */ = {
			isa = PBXFrameworksBuildPhase;
			buildActionMask = 2147483647;
			files = (
			);
			runOnlyForDeploymentPostprocessing = 0;
		};
/* End PBXFrameworksBuildPhase section */

/* Begin PBXGroup section */
		9EB3665D2CC5B2F500F21C0B /* Frameworks */ = {
			isa = PBXGroup;
			children = (
			);
			name = Frameworks;
			sourceTree = "<group>";
		};
		9EBBE6C72CBC1CF800FB176E = {
			isa = PBXGroup;
			children = (
				9EBBE6D22CBC1CF800FB176E /* Travel */,
				9EBBE6E32CBC1CFD00FB176E /* TravelTests */,
				9EBBE6ED2CBC1CFD00FB176E /* TravelUITests */,
				9EB3665D2CC5B2F500F21C0B /* Frameworks */,
				9EBBE6D12CBC1CF800FB176E /* Products */,
			);
			sourceTree = "<group>";
		};
		9EBBE6D12CBC1CF800FB176E /* Products */ = {
			isa = PBXGroup;
			children = (
				9EBBE6D02CBC1CF800FB176E /* Travel.app */,
				9EBBE6E02CBC1CFD00FB176E /* TravelTests.xctest */,
				9EBBE6EA2CBC1CFD00FB176E /* TravelUITests.xctest */,
			);
			name = Products;
			sourceTree = "<group>";
		};
/* End PBXGroup section */

/* Begin PBXNativeTarget section */
		9EBBE6CF2CBC1CF800FB176E /* Travel */ = {
			isa = PBXNativeTarget;
			buildConfigurationList = 9EBBE6F42CBC1CFD00FB176E /* Build configuration list for PBXNativeTarget "Travel" */;
			buildPhases = (
				9EBBE6CC2CBC1CF800FB176E /* Sources */,
				9EBBE6CD2CBC1CF800FB176E /* Frameworks */,
				9EBBE6CE2CBC1CF800FB176E /* Resources */,
			);
			buildRules = (
			);
			dependencies = (
			);
			fileSystemSynchronizedGroups = (
				9EBBE6D22CBC1CF800FB176E /* Travel */,
			);
			name = Travel;
			packageProductDependencies = (
				9EB3665B2CC5A5F700F21C0B /* FirebaseAnalytics */,
				9EB3665E2CC5B2F500F21C0B /* FirebaseAuth */,
				9EB366602CC5B2F500F21C0B /* FirebaseFirestore */,
				9EB366622CC5B30E00F21C0B /* FirebaseStorage */,
			);
			productName = Travel;
			productReference = 9EBBE6D02CBC1CF800FB176E /* Travel.app */;
			productType = "com.apple.product-type.application";
		};
		9EBBE6DF2CBC1CFD00FB176E /* TravelTests */ = {
			isa = PBXNativeTarget;
			buildConfigurationList = 9EBBE6F72CBC1CFD00FB176E /* Build configuration list for PBXNativeTarget "TravelTests" */;
			buildPhases = (
				9EBBE6DC2CBC1CFD00FB176E /* Sources */,
				9EBBE6DD2CBC1CFD00FB176E /* Frameworks */,
				9EBBE6DE2CBC1CFD00FB176E /* Resources */,
			);
			buildRules = (
			);
			dependencies = (
				9EBBE6E22CBC1CFD00FB176E /* PBXTargetDependency */,
			);
			fileSystemSynchronizedGroups = (
				9EBBE6E32CBC1CFD00FB176E /* TravelTests */,
			);
			name = TravelTests;
			packageProductDependencies = (
			);
			productName = TravelTests;
			productReference = 9EBBE6E02CBC1CFD00FB176E /* TravelTests.xctest */;
			productType = "com.apple.product-type.bundle.unit-test";
		};
		9EBBE6E92CBC1CFD00FB176E /* TravelUITests */ = {
			isa = PBXNativeTarget;
			buildConfigurationList = 9EBBE6FA2CBC1CFD00FB176E /* Build configuration list for PBXNativeTarget "TravelUITests" */;
			buildPhases = (
				9EBBE6E62CBC1CFD00FB176E /* Sources */,
				9EBBE6E72CBC1CFD00FB176E /* Frameworks */,
				9EBBE6E82CBC1CFD00FB176E /* Resources */,
			);
			buildRules = (
			);
			dependencies = (
				9EBBE6EC2CBC1CFD00FB176E /* PBXTargetDependency */,
			);
			fileSystemSynchronizedGroups = (
				9EBBE6ED2CBC1CFD00FB176E /* TravelUITests */,
			);
			name = TravelUITests;
			packageProductDependencies = (
			);
			productName = TravelUITests;
			productReference = 9EBBE6EA2CBC1CFD00FB176E /* TravelUITests.xctest */;
			productType = "com.apple.product-type.bundle.ui-testing";
		};
/* End PBXNativeTarget section */

/* Begin PBXProject section */
		9EBBE6C82CBC1CF800FB176E /* Project object */ = {
			isa = PBXProject;
			attributes = {
				BuildIndependentTargetsInParallel = 1;
				LastSwiftUpdateCheck = 1600;
				LastUpgradeCheck = 1600;
				TargetAttributes = {
					9EBBE6CF2CBC1CF800FB176E = {
						CreatedOnToolsVersion = 16.0;
					};
					9EBBE6DF2CBC1CFD00FB176E = {
						CreatedOnToolsVersion = 16.0;
						TestTargetID = 9EBBE6CF2CBC1CF800FB176E;
					};
					9EBBE6E92CBC1CFD00FB176E = {
						CreatedOnToolsVersion = 16.0;
						TestTargetID = 9EBBE6CF2CBC1CF800FB176E;
					};
				};
			};
			buildConfigurationList = 9EBBE6CB2CBC1CF800FB176E /* Build configuration list for PBXProject "Travel" */;
			developmentRegion = en;
			hasScannedForEncodings = 0;
			knownRegions = (
				en,
				Base,
			);
			mainGroup = 9EBBE6C72CBC1CF800FB176E;
			minimizedProjectReferenceProxies = 1;
			packageReferences = (
				9EB3665A2CC5A5F700F21C0B /* XCRemoteSwiftPackageReference "firebase-ios-sdk" */,
			);
			preferredProjectObjectVersion = 77;
			productRefGroup = 9EBBE6D12CBC1CF800FB176E /* Products */;
			projectDirPath = "";
			projectRoot = "";
			targets = (
				9EBBE6CF2CBC1CF800FB176E /* Travel */,
				9EBBE6DF2CBC1CFD00FB176E /* TravelTests */,
				9EBBE6E92CBC1CFD00FB176E /* TravelUITests */,
			);
		};
/* End PBXProject section */

/* Begin PBXResourcesBuildPhase section */
		9EBBE6CE2CBC1CF800FB176E /* Resources */ = {
			isa = PBXResourcesBuildPhase;
			buildActionMask = 2147483647;
			files = (
			);
			runOnlyForDeploymentPostprocessing = 0;
		};
		9EBBE6DE2CBC1CFD00FB176E /* Resources */ = {
			isa = PBXResourcesBuildPhase;
			buildActionMask = 2147483647;
			files = (
			);
			runOnlyForDeploymentPostprocessing = 0;
		};
		9EBBE6E82CBC1CFD00FB176E /* Resources */ = {
			isa = PBXResourcesBuildPhase;
			buildActionMask = 2147483647;
			files = (
			);
			runOnlyForDeploymentPostprocessing = 0;
		};
/* End PBXResourcesBuildPhase section */

/* Begin PBXSourcesBuildPhase section */
		9EBBE6CC2CBC1CF800FB176E /* Sources */ = {
			isa = PBXSourcesBuildPhase;
			buildActionMask = 2147483647;
			files = (
			);
			runOnlyForDeploymentPostprocessing = 0;
		};
		9EBBE6DC2CBC1CFD00FB176E /* Sources */ = {
			isa = PBXSourcesBuildPhase;
			buildActionMask = 2147483647;
			files = (
			);
			runOnlyForDeploymentPostprocessing = 0;
		};
		9EBBE6E62CBC1CFD00FB176E /* Sources */ = {
			isa = PBXSourcesBuildPhase;
			buildActionMask = 2147483647;
			files = (
			);
			runOnlyForDeploymentPostprocessing = 0;
		};
/* End PBXSourcesBuildPhase section */

/* Begin PBXTargetDependency section */
		9EBBE6E22CBC1CFD00FB176E /* PBXTargetDependency */ = {
			isa = PBXTargetDependency;
			target = 9EBBE6CF2CBC1CF800FB176E /* Travel */;
			targetProxy = 9EBBE6E12CBC1CFD00FB176E /* PBXContainerItemProxy */;
		};
		9EBBE6EC2CBC1CFD00FB176E /* PBXTargetDependency */ = {
			isa = PBXTargetDependency;
			target = 9EBBE6CF2CBC1CF800FB176E /* Travel */;
			targetProxy = 9EBBE6EB2CBC1CFD00FB176E /* PBXContainerItemProxy */;
		};
/* End PBXTargetDependency section */

/* Begin XCBuildConfiguration section */
		9EBBE6F22CBC1CFD00FB176E /* Debug */ = {
			isa = XCBuildConfiguration;
			buildSettings = {
				ALWAYS_SEARCH_USER_PATHS = NO;
				ASSETCATALOG_COMPILER_GENERATE_SWIFT_ASSET_SYMBOL_EXTENSIONS = YES;
				CLANG_ANALYZER_NONNULL = YES;
				CLANG_ANALYZER_NUMBER_OBJECT_CONVERSION = YES_AGGRESSIVE;
				CLANG_CXX_LANGUAGE_STANDARD = "gnu++20";
				CLANG_ENABLE_MODULES = YES;
				CLANG_ENABLE_OBJC_ARC = YES;
				CLANG_ENABLE_OBJC_WEAK = YES;
				CLANG_WARN_BLOCK_CAPTURE_AUTORELEASING = YES;
				CLANG_WARN_BOOL_CONVERSION = YES;
				CLANG_WARN_COMMA = YES;
				CLANG_WARN_CONSTANT_CONVERSION = YES;
				CLANG_WARN_DEPRECATED_OBJC_IMPLEMENTATIONS = YES;
				CLANG_WARN_DIRECT_OBJC_ISA_USAGE = YES_ERROR;
				CLANG_WARN_DOCUMENTATION_COMMENTS = YES;
				CLANG_WARN_EMPTY_BODY = YES;
				CLANG_WARN_ENUM_CONVERSION = YES;
				CLANG_WARN_INFINITE_RECURSION = YES;
				CLANG_WARN_INT_CONVERSION = YES;
				CLANG_WARN_NON_LITERAL_NULL_CONVERSION = YES;
				CLANG_WARN_OBJC_IMPLICIT_RETAIN_SELF = YES;
				CLANG_WARN_OBJC_LITERAL_CONVERSION = YES;
				CLANG_WARN_OBJC_ROOT_CLASS = YES_ERROR;
				CLANG_WARN_QUOTED_INCLUDE_IN_FRAMEWORK_HEADER = YES;
				CLANG_WARN_RANGE_LOOP_ANALYSIS = YES;
				CLANG_WARN_STRICT_PROTOTYPES = YES;
				CLANG_WARN_SUSPICIOUS_MOVE = YES;
				CLANG_WARN_UNGUARDED_AVAILABILITY = YES_AGGRESSIVE;
				CLANG_WARN_UNREACHABLE_CODE = YES;
				CLANG_WARN__DUPLICATE_METHOD_MATCH = YES;
				COPY_PHASE_STRIP = NO;
				DEBUG_INFORMATION_FORMAT = dwarf;
				ENABLE_STRICT_OBJC_MSGSEND = YES;
				ENABLE_TESTABILITY = YES;
				ENABLE_USER_SCRIPT_SANDBOXING = YES;
				GCC_C_LANGUAGE_STANDARD = gnu17;
				GCC_DYNAMIC_NO_PIC = NO;
				GCC_NO_COMMON_BLOCKS = YES;
				GCC_OPTIMIZATION_LEVEL = 0;
				GCC_PREPROCESSOR_DEFINITIONS = (
					"DEBUG=1",
					"$(inherited)",
				);
				GCC_WARN_64_TO_32_BIT_CONVERSION = YES;
				GCC_WARN_ABOUT_RETURN_TYPE = YES_ERROR;
				GCC_WARN_UNDECLARED_SELECTOR = YES;
				GCC_WARN_UNINITIALIZED_AUTOS = YES_AGGRESSIVE;
				GCC_WARN_UNUSED_FUNCTION = YES;
				GCC_WARN_UNUSED_VARIABLE = YES;
				IPHONEOS_DEPLOYMENT_TARGET = 18.0;
				LOCALIZATION_PREFERS_STRING_CATALOGS = YES;
				MTL_ENABLE_DEBUG_INFO = INCLUDE_SOURCE;
				MTL_FAST_MATH = YES;
				ONLY_ACTIVE_ARCH = YES;
				SDKROOT = iphoneos;
				SWIFT_ACTIVE_COMPILATION_CONDITIONS = "DEBUG $(inherited)";
				SWIFT_OPTIMIZATION_LEVEL = "-Onone";
			};
			name = Debug;
		};
		9EBBE6F32CBC1CFD00FB176E /* Release */ = {
			isa = XCBuildConfiguration;
			buildSettings = {
				ALWAYS_SEARCH_USER_PATHS = NO;
				ASSETCATALOG_COMPILER_GENERATE_SWIFT_ASSET_SYMBOL_EXTENSIONS = YES;
				CLANG_ANALYZER_NONNULL = YES;
				CLANG_ANALYZER_NUMBER_OBJECT_CONVERSION = YES_AGGRESSIVE;
				CLANG_CXX_LANGUAGE_STANDARD = "gnu++20";
				CLANG_ENABLE_MODULES = YES;
				CLANG_ENABLE_OBJC_ARC = YES;
				CLANG_ENABLE_OBJC_WEAK = YES;
				CLANG_WARN_BLOCK_CAPTURE_AUTORELEASING = YES;
				CLANG_WARN_BOOL_CONVERSION = YES;
				CLANG_WARN_COMMA = YES;
				CLANG_WARN_CONSTANT_CONVERSION = YES;
				CLANG_WARN_DEPRECATED_OBJC_IMPLEMENTATIONS = YES;
				CLANG_WARN_DIRECT_OBJC_ISA_USAGE = YES_ERROR;
				CLANG_WARN_DOCUMENTATION_COMMENTS = YES;
				CLANG_WARN_EMPTY_BODY = YES;
				CLANG_WARN_ENUM_CONVERSION = YES;
				CLANG_WARN_INFINITE_RECURSION = YES;
				CLANG_WARN_INT_CONVERSION = YES;
				CLANG_WARN_NON_LITERAL_NULL_CONVERSION = YES;
				CLANG_WARN_OBJC_IMPLICIT_RETAIN_SELF = YES;
				CLANG_WARN_OBJC_LITERAL_CONVERSION = YES;
				CLANG_WARN_OBJC_ROOT_CLASS = YES_ERROR;
				CLANG_WARN_QUOTED_INCLUDE_IN_FRAMEWORK_HEADER = YES;
				CLANG_WARN_RANGE_LOOP_ANALYSIS = YES;
				CLANG_WARN_STRICT_PROTOTYPES = YES;
				CLANG_WARN_SUSPICIOUS_MOVE = YES;
				CLANG_WARN_UNGUARDED_AVAILABILITY = YES_AGGRESSIVE;
				CLANG_WARN_UNREACHABLE_CODE = YES;
				CLANG_WARN__DUPLICATE_METHOD_MATCH = YES;
				COPY_PHASE_STRIP = NO;
				DEBUG_INFORMATION_FORMAT = "dwarf-with-dsym";
				ENABLE_NS_ASSERTIONS = NO;
				ENABLE_STRICT_OBJC_MSGSEND = YES;
				ENABLE_USER_SCRIPT_SANDBOXING = YES;
				GCC_C_LANGUAGE_STANDARD = gnu17;
				GCC_NO_COMMON_BLOCKS = YES;
				GCC_WARN_64_TO_32_BIT_CONVERSION = YES;
				GCC_WARN_ABOUT_RETURN_TYPE = YES_ERROR;
				GCC_WARN_UNDECLARED_SELECTOR = YES;
				GCC_WARN_UNINITIALIZED_AUTOS = YES_AGGRESSIVE;
				GCC_WARN_UNUSED_FUNCTION = YES;
				GCC_WARN_UNUSED_VARIABLE = YES;
				IPHONEOS_DEPLOYMENT_TARGET = 18.0;
				LOCALIZATION_PREFERS_STRING_CATALOGS = YES;
				MTL_ENABLE_DEBUG_INFO = NO;
				MTL_FAST_MATH = YES;
				SDKROOT = iphoneos;
				SWIFT_COMPILATION_MODE = wholemodule;
				VALIDATE_PRODUCT = YES;
			};
			name = Release;
		};
		9EBBE6F52CBC1CFD00FB176E /* Debug */ = {
			isa = XCBuildConfiguration;
			buildSettings = {
				ASSETCATALOG_COMPILER_APPICON_NAME = AppIcon;
				ASSETCATALOG_COMPILER_GLOBAL_ACCENT_COLOR_NAME = AccentColor;
				CODE_SIGN_STYLE = Automatic;
				CURRENT_PROJECT_VERSION = 1;
				DEVELOPMENT_ASSET_PATHS = "\"Travel/Preview Content\"";
				DEVELOPMENT_TEAM = Y88FN7D36Y;
				ENABLE_PREVIEWS = YES;
				GENERATE_INFOPLIST_FILE = YES;
				INFOPLIST_FILE = Travel/Info.plist;
				INFOPLIST_KEY_UIApplicationSceneManifest_Generation = YES;
				INFOPLIST_KEY_UIApplicationSupportsIndirectInputEvents = YES;
				INFOPLIST_KEY_UILaunchScreen_Generation = YES;
				INFOPLIST_KEY_UISupportedInterfaceOrientations_iPad = "UIInterfaceOrientationPortrait UIInterfaceOrientationPortraitUpsideDown UIInterfaceOrientationLandscapeLeft UIInterfaceOrientationLandscapeRight";
				INFOPLIST_KEY_UISupportedInterfaceOrientations_iPhone = "UIInterfaceOrientationPortrait UIInterfaceOrientationLandscapeLeft UIInterfaceOrientationLandscapeRight";
				LD_RUNPATH_SEARCH_PATHS = (
					"$(inherited)",
					"@executable_path/Frameworks",
				);
				MARKETING_VERSION = 1.0;
				PRODUCT_BUNDLE_IDENTIFIER = com.sebastianibarra.Travel;
				PRODUCT_NAME = "$(TARGET_NAME)";
				SWIFT_EMIT_LOC_STRINGS = YES;
				SWIFT_VERSION = 5.0;
				TARGETED_DEVICE_FAMILY = "1,2";
			};
			name = Debug;
		};
		9EBBE6F62CBC1CFD00FB176E /* Release */ = {
			isa = XCBuildConfiguration;
			buildSettings = {
				ASSETCATALOG_COMPILER_APPICON_NAME = AppIcon;
				ASSETCATALOG_COMPILER_GLOBAL_ACCENT_COLOR_NAME = AccentColor;
				CODE_SIGN_STYLE = Automatic;
				CURRENT_PROJECT_VERSION = 1;
				DEVELOPMENT_ASSET_PATHS = "\"Travel/Preview Content\"";
				DEVELOPMENT_TEAM = Y88FN7D36Y;
				ENABLE_PREVIEWS = YES;
				GENERATE_INFOPLIST_FILE = YES;
				INFOPLIST_FILE = Travel/Info.plist;
				INFOPLIST_KEY_UIApplicationSceneManifest_Generation = YES;
				INFOPLIST_KEY_UIApplicationSupportsIndirectInputEvents = YES;
				INFOPLIST_KEY_UILaunchScreen_Generation = YES;
				INFOPLIST_KEY_UISupportedInterfaceOrientations_iPad = "UIInterfaceOrientationPortrait UIInterfaceOrientationPortraitUpsideDown UIInterfaceOrientationLandscapeLeft UIInterfaceOrientationLandscapeRight";
				INFOPLIST_KEY_UISupportedInterfaceOrientations_iPhone = "UIInterfaceOrientationPortrait UIInterfaceOrientationLandscapeLeft UIInterfaceOrientationLandscapeRight";
				LD_RUNPATH_SEARCH_PATHS = (
					"$(inherited)",
					"@executable_path/Frameworks",
				);
				MARKETING_VERSION = 1.0;
				PRODUCT_BUNDLE_IDENTIFIER = com.sebastianibarra.Travel;
				PRODUCT_NAME = "$(TARGET_NAME)";
				SWIFT_EMIT_LOC_STRINGS = YES;
				SWIFT_VERSION = 5.0;
				TARGETED_DEVICE_FAMILY = "1,2";
			};
			name = Release;
		};
		9EBBE6F82CBC1CFD00FB176E /* Debug */ = {
			isa = XCBuildConfiguration;
			buildSettings = {
				BUNDLE_LOADER = "$(TEST_HOST)";
				CODE_SIGN_STYLE = Automatic;
				CURRENT_PROJECT_VERSION = 1;
				DEVELOPMENT_TEAM = Y88FN7D36Y;
				GENERATE_INFOPLIST_FILE = YES;
				IPHONEOS_DEPLOYMENT_TARGET = 18.0;
				MARKETING_VERSION = 1.0;
				PRODUCT_BUNDLE_IDENTIFIER = com.sebastianibarra.TravelTests;
				PRODUCT_NAME = "$(TARGET_NAME)";
				SWIFT_EMIT_LOC_STRINGS = NO;
				SWIFT_VERSION = 5.0;
				TARGETED_DEVICE_FAMILY = "1,2";
				TEST_HOST = "$(BUILT_PRODUCTS_DIR)/Travel.app/$(BUNDLE_EXECUTABLE_FOLDER_PATH)/Travel";
			};
			name = Debug;
		};
		9EBBE6F92CBC1CFD00FB176E /* Release */ = {
			isa = XCBuildConfiguration;
			buildSettings = {
				BUNDLE_LOADER = "$(TEST_HOST)";
				CODE_SIGN_STYLE = Automatic;
				CURRENT_PROJECT_VERSION = 1;
				DEVELOPMENT_TEAM = Y88FN7D36Y;
				GENERATE_INFOPLIST_FILE = YES;
				IPHONEOS_DEPLOYMENT_TARGET = 18.0;
				MARKETING_VERSION = 1.0;
				PRODUCT_BUNDLE_IDENTIFIER = com.sebastianibarra.TravelTests;
				PRODUCT_NAME = "$(TARGET_NAME)";
				SWIFT_EMIT_LOC_STRINGS = NO;
				SWIFT_VERSION = 5.0;
				TARGETED_DEVICE_FAMILY = "1,2";
				TEST_HOST = "$(BUILT_PRODUCTS_DIR)/Travel.app/$(BUNDLE_EXECUTABLE_FOLDER_PATH)/Travel";
			};
			name = Release;
		};
		9EBBE6FB2CBC1CFD00FB176E /* Debug */ = {
			isa = XCBuildConfiguration;
			buildSettings = {
				CODE_SIGN_STYLE = Automatic;
				CURRENT_PROJECT_VERSION = 1;
				DEVELOPMENT_TEAM = Y88FN7D36Y;
				GENERATE_INFOPLIST_FILE = YES;
				MARKETING_VERSION = 1.0;
				PRODUCT_BUNDLE_IDENTIFIER = com.sebastianibarra.TravelUITests;
				PRODUCT_NAME = "$(TARGET_NAME)";
				SWIFT_EMIT_LOC_STRINGS = NO;
				SWIFT_VERSION = 5.0;
				TARGETED_DEVICE_FAMILY = "1,2";
				TEST_TARGET_NAME = Travel;
			};
			name = Debug;
		};
		9EBBE6FC2CBC1CFD00FB176E /* Release */ = {
			isa = XCBuildConfiguration;
			buildSettings = {
				CODE_SIGN_STYLE = Automatic;
				CURRENT_PROJECT_VERSION = 1;
				DEVELOPMENT_TEAM = Y88FN7D36Y;
				GENERATE_INFOPLIST_FILE = YES;
				MARKETING_VERSION = 1.0;
				PRODUCT_BUNDLE_IDENTIFIER = com.sebastianibarra.TravelUITests;
				PRODUCT_NAME = "$(TARGET_NAME)";
				SWIFT_EMIT_LOC_STRINGS = NO;
				SWIFT_VERSION = 5.0;
				TARGETED_DEVICE_FAMILY = "1,2";
				TEST_TARGET_NAME = Travel;
			};
			name = Release;
		};
/* End XCBuildConfiguration section */

/* Begin XCConfigurationList section */
		9EBBE6CB2CBC1CF800FB176E /* Build configuration list for PBXProject "Travel" */ = {
			isa = XCConfigurationList;
			buildConfigurations = (
				9EBBE6F22CBC1CFD00FB176E /* Debug */,
				9EBBE6F32CBC1CFD00FB176E /* Release */,
			);
			defaultConfigurationIsVisible = 0;
			defaultConfigurationName = Release;
		};
		9EBBE6F42CBC1CFD00FB176E /* Build configuration list for PBXNativeTarget "Travel" */ = {
			isa = XCConfigurationList;
			buildConfigurations = (
				9EBBE6F52CBC1CFD00FB176E /* Debug */,
				9EBBE6F62CBC1CFD00FB176E /* Release */,
			);
			defaultConfigurationIsVisible = 0;
			defaultConfigurationName = Release;
		};
		9EBBE6F72CBC1CFD00FB176E /* Build configuration list for PBXNativeTarget "TravelTests" */ = {
			isa = XCConfigurationList;
			buildConfigurations = (
				9EBBE6F82CBC1CFD00FB176E /* Debug */,
				9EBBE6F92CBC1CFD00FB176E /* Release */,
			);
			defaultConfigurationIsVisible = 0;
			defaultConfigurationName = Release;
		};
		9EBBE6FA2CBC1CFD00FB176E /* Build configuration list for PBXNativeTarget "TravelUITests" */ = {
			isa = XCConfigurationList;
			buildConfigurations = (
				9EBBE6FB2CBC1CFD00FB176E /* Debug */,
				9EBBE6FC2CBC1CFD00FB176E /* Release */,
			);
			defaultConfigurationIsVisible = 0;
			defaultConfigurationName = Release;
		};
/* End XCConfigurationList section */

/* Begin XCRemoteSwiftPackageReference section */
		9EB3665A2CC5A5F700F21C0B /* XCRemoteSwiftPackageReference "firebase-ios-sdk" */ = {
			isa = XCRemoteSwiftPackageReference;
			repositoryURL = "https://github.com/firebase/firebase-ios-sdk";
			requirement = {
				kind = upToNextMajorVersion;
				minimumVersion = 11.3.0;
			};
		};
/* End XCRemoteSwiftPackageReference section */

/* Begin XCSwiftPackageProductDependency section */
		9EB3665B2CC5A5F700F21C0B /* FirebaseAnalytics */ = {
			isa = XCSwiftPackageProductDependency;
			package = 9EB3665A2CC5A5F700F21C0B /* XCRemoteSwiftPackageReference "firebase-ios-sdk" */;
			productName = FirebaseAnalytics;
		};
		9EB3665E2CC5B2F500F21C0B /* FirebaseAuth */ = {
			isa = XCSwiftPackageProductDependency;
			package = 9EB3665A2CC5A5F700F21C0B /* XCRemoteSwiftPackageReference "firebase-ios-sdk" */;
			productName = FirebaseAuth;
		};
		9EB366602CC5B2F500F21C0B /* FirebaseFirestore */ = {
			isa = XCSwiftPackageProductDependency;
			package = 9EB3665A2CC5A5F700F21C0B /* XCRemoteSwiftPackageReference "firebase-ios-sdk" */;
			productName = FirebaseFirestore;
		};
		9EB366622CC5B30E00F21C0B /* FirebaseStorage */ = {
			isa = XCSwiftPackageProductDependency;
			package = 9EB3665A2CC5A5F700F21C0B /* XCRemoteSwiftPackageReference "firebase-ios-sdk" */;
			productName = FirebaseStorage;
		};
/* End XCSwiftPackageProductDependency section */
	};
	rootObject = 9EBBE6C82CBC1CF800FB176E /* Project object */;
}
